<Solution>
  <Project Path="API/API.csproj" />
  <Project Path="Application/Application.csproj" />
  <Project Path="Domain/Domain.csproj" />
  <Project Path="Persistence/Persistence.csproj" />

  <PropertyGroup>
  <RestorePackagesWithLockFile>true</RestorePackagesWithLockFile>
  <RestoreLockedMode>true</RestoreLockedMode>
</PropertyGroup>
</Solution>
